
Microsoft Visual Studio Solution File, Format Version 12.00
# Visual Studio Version 17
VisualStudioVersion = 17.3.32825.248
MinimumVisualStudioVersion = 10.0.40219.1
Project("{FAE04EC0-301F-11D3-BF4B-00C04F79EFBC}") = "GitLesson", "GitLesson\GitLesson.csproj", "{05EBBF1F-2513-41A3-81C2-B9FD0ED1E9FF}"
EndProject
Global
	GlobalSection(SolutionConfigurationPlatforms) = preSolution
		Debug|Any CPU = Debug|Any CPU
		Release|Any CPU = Release|Any CPU
	EndGlobalSection
	GlobalSection(ProjectConfigurationPlatforms) = postSolution
		{05EBBF1F-2513-41A3-81C2-B9FD0ED1E9FF}.Debug|Any CPU.ActiveCfg = Debug|Any CPU
		{05EBBF1F-2513-41A3-81C2-B9FD0ED1E9FF}.Debug|Any CPU.Build.0 = Debug|Any CPU
		{05EBBF1F-2513-41A3-81C2-B9FD0ED1E9FF}.Release|Any CPU.ActiveCfg = Release|Any CPU
		{05EBBF1F-2513-41A3-81C2-B9FD0ED1E9FF}.Release|Any CPU.Build.0 = Release|Any CPU
	EndGlobalSection
	GlobalSection(SolutionProperties) = preSolution
		HideSolutionNode = FALSE
	EndGlobalSection
	GlobalSection(ExtensibilityGlobals) = postSolution
		SolutionGuid = {335D80A3-F61B-4AA3-8290-FDDF826560C8}
	EndGlobalSection
EndGlobal
